
Microsoft Visual Studio Solution File, Format Version 12.00
# Visual Studio 14
VisualStudioVersion = 14.0.25420.1
MinimumVisualStudioVersion = 10.0.40219.1
Project("{FAE04EC0-301F-11D3-BF4B-00C04F79EFBC}") = "HelloApp", "HelloApp\HelloApp.csproj", "{EF917A54-F947-4FEE-990F-9ECFF2D03226}"
EndProject
Project("{FAE04EC0-301F-11D3-BF4B-00C04F79EFBC}") = "TestApp", "TestApp\TestApp.csproj", "{DDA68C71-18CF-442A-8517-2709D246D816}"
EndProject
Project("{2150E333-8FDC-42A3-9474-1A3956D46DE8}") = "Zona Pequena", "Zona Pequena", "{819615EA-41E4-4671-B74D-1CCBEBC82587}"
EndProject
Project("{FAE04EC0-301F-11D3-BF4B-00C04F79EFBC}") = "ToastNotificationClient", "ToastNotificationClient\ToastNotificationClient.csproj", "{814DBACE-AB9D-4106-9C05-DA6ABD071572}"
EndProject
Project("{FAE04EC0-301F-11D3-BF4B-00C04F79EFBC}") = "SendToast", "SendToast\SendToast.csproj", "{8E8CAB3A-522A-4376-905F-C7C14621FB6E}"
EndProject
Project("{FAE04EC0-301F-11D3-BF4B-00C04F79EFBC}") = "SendToastMobile", "SendToastMobile\SendToastMobile.csproj", "{5823B90E-4E0C-49DE-BA89-5DBEDF461551}"
EndProject
Project("{FAE04EC0-301F-11D3-BF4B-00C04F79EFBC}") = "WhatsApp", "WhatsApp\WhatsApp.csproj", "{E5BE57E6-D384-481D-A2BA-57C74961C455}"
EndProject
Global
	GlobalSection(SolutionConfigurationPlatforms) = preSolution
		Debug|Any CPU = Debug|Any CPU
		Debug|ARM = Debug|ARM
		Debug|x86 = Debug|x86
		Release|Any CPU = Release|Any CPU
		Release|ARM = Release|ARM
		Release|x86 = Release|x86
	EndGlobalSection
	GlobalSection(ProjectConfigurationPlatforms) = postSolution
		{EF917A54-F947-4FEE-990F-9ECFF2D03226}.Debug|Any CPU.ActiveCfg = Debug|Any CPU
		{EF917A54-F947-4FEE-990F-9ECFF2D03226}.Debug|Any CPU.Build.0 = Debug|Any CPU
		{EF917A54-F947-4FEE-990F-9ECFF2D03226}.Debug|Any CPU.Deploy.0 = Debug|Any CPU
		{EF917A54-F947-4FEE-990F-9ECFF2D03226}.Debug|ARM.ActiveCfg = Debug|ARM
		{EF917A54-F947-4FEE-990F-9ECFF2D03226}.Debug|ARM.Build.0 = Debug|ARM
		{EF917A54-F947-4FEE-990F-9ECFF2D03226}.Debug|ARM.Deploy.0 = Debug|ARM
		{EF917A54-F947-4FEE-990F-9ECFF2D03226}.Debug|x86.ActiveCfg = Debug|x86
		{EF917A54-F947-4FEE-990F-9ECFF2D03226}.Debug|x86.Build.0 = Debug|x86
		{EF917A54-F947-4FEE-990F-9ECFF2D03226}.Debug|x86.Deploy.0 = Debug|x86
		{EF917A54-F947-4FEE-990F-9ECFF2D03226}.Release|Any CPU.ActiveCfg = Release|Any CPU
		{EF917A54-F947-4FEE-990F-9ECFF2D03226}.Release|Any CPU.Build.0 = Release|Any CPU
		{EF917A54-F947-4FEE-990F-9ECFF2D03226}.Release|Any CPU.Deploy.0 = Release|Any CPU
		{EF917A54-F947-4FEE-990F-9ECFF2D03226}.Release|ARM.ActiveCfg = Release|ARM
		{EF917A54-F947-4FEE-990F-9ECFF2D03226}.Release|ARM.Build.0 = Release|ARM
		{EF917A54-F947-4FEE-990F-9ECFF2D03226}.Release|ARM.Deploy.0 = Release|ARM
		{EF917A54-F947-4FEE-990F-9ECFF2D03226}.Release|x86.ActiveCfg = Release|x86
		{EF917A54-F947-4FEE-990F-9ECFF2D03226}.Release|x86.Build.0 = Release|x86
		{EF917A54-F947-4FEE-990F-9ECFF2D03226}.Release|x86.Deploy.0 = Release|x86
		{DDA68C71-18CF-442A-8517-2709D246D816}.Debug|Any CPU.ActiveCfg = Debug|Any CPU
		{DDA68C71-18CF-442A-8517-2709D246D816}.Debug|Any CPU.Build.0 = Debug|Any CPU
		{DDA68C71-18CF-442A-8517-2709D246D816}.Debug|Any CPU.Deploy.0 = Debug|Any CPU
		{DDA68C71-18CF-442A-8517-2709D246D816}.Debug|ARM.ActiveCfg = Debug|ARM
		{DDA68C71-18CF-442A-8517-2709D246D816}.Debug|ARM.Build.0 = Debug|ARM
		{DDA68C71-18CF-442A-8517-2709D246D816}.Debug|ARM.Deploy.0 = Debug|ARM
		{DDA68C71-18CF-442A-8517-2709D246D816}.Debug|x86.ActiveCfg = Debug|x86
		{DDA68C71-18CF-442A-8517-2709D246D816}.Debug|x86.Build.0 = Debug|x86
		{DDA68C71-18CF-442A-8517-2709D246D816}.Debug|x86.Deploy.0 = Debug|x86
		{DDA68C71-18CF-442A-8517-2709D246D816}.Release|Any CPU.ActiveCfg = Release|Any CPU
		{DDA68C71-18CF-442A-8517-2709D246D816}.Release|Any CPU.Build.0 = Release|Any CPU
		{DDA68C71-18CF-442A-8517-2709D246D816}.Release|Any CPU.Deploy.0 = Release|Any CPU
		{DDA68C71-18CF-442A-8517-2709D246D816}.Release|ARM.ActiveCfg = Release|ARM
		{DDA68C71-18CF-442A-8517-2709D246D816}.Release|ARM.Build.0 = Release|ARM
		{DDA68C71-18CF-442A-8517-2709D246D816}.Release|ARM.Deploy.0 = Release|ARM
		{DDA68C71-18CF-442A-8517-2709D246D816}.Release|x86.ActiveCfg = Release|x86
		{DDA68C71-18CF-442A-8517-2709D246D816}.Release|x86.Build.0 = Release|x86
		{DDA68C71-18CF-442A-8517-2709D246D816}.Release|x86.Deploy.0 = Release|x86
		{814DBACE-AB9D-4106-9C05-DA6ABD071572}.Debug|Any CPU.ActiveCfg = Debug|Any CPU
		{814DBACE-AB9D-4106-9C05-DA6ABD071572}.Debug|Any CPU.Build.0 = Debug|Any CPU
		{814DBACE-AB9D-4106-9C05-DA6ABD071572}.Debug|Any CPU.Deploy.0 = Debug|Any CPU
		{814DBACE-AB9D-4106-9C05-DA6ABD071572}.Debug|ARM.ActiveCfg = Debug|ARM
		{814DBACE-AB9D-4106-9C05-DA6ABD071572}.Debug|ARM.Build.0 = Debug|ARM
		{814DBACE-AB9D-4106-9C05-DA6ABD071572}.Debug|ARM.Deploy.0 = Debug|ARM
		{814DBACE-AB9D-4106-9C05-DA6ABD071572}.Debug|x86.ActiveCfg = Debug|x86
		{814DBACE-AB9D-4106-9C05-DA6ABD071572}.Debug|x86.Build.0 = Debug|x86
		{814DBACE-AB9D-4106-9C05-DA6ABD071572}.Debug|x86.Deploy.0 = Debug|x86
		{814DBACE-AB9D-4106-9C05-DA6ABD071572}.Release|Any CPU.ActiveCfg = Release|Any CPU
		{814DBACE-AB9D-4106-9C05-DA6ABD071572}.Release|Any CPU.Build.0 = Release|Any CPU
		{814DBACE-AB9D-4106-9C05-DA6ABD071572}.Release|Any CPU.Deploy.0 = Release|Any CPU
		{814DBACE-AB9D-4106-9C05-DA6ABD071572}.Release|ARM.ActiveCfg = Release|ARM
		{814DBACE-AB9D-4106-9C05-DA6ABD071572}.Release|ARM.Build.0 = Release|ARM
		{814DBACE-AB9D-4106-9C05-DA6ABD071572}.Release|ARM.Deploy.0 = Release|ARM
		{814DBACE-AB9D-4106-9C05-DA6ABD071572}.Release|x86.ActiveCfg = Release|x86
		{814DBACE-AB9D-4106-9C05-DA6ABD071572}.Release|x86.Build.0 = Release|x86
		{814DBACE-AB9D-4106-9C05-DA6ABD071572}.Release|x86.Deploy.0 = Release|x86
		{8E8CAB3A-522A-4376-905F-C7C14621FB6E}.Debug|Any CPU.ActiveCfg = Debug|Any CPU
		{8E8CAB3A-522A-4376-905F-C7C14621FB6E}.Debug|Any CPU.Build.0 = Debug|Any CPU
		{8E8CAB3A-522A-4376-905F-C7C14621FB6E}.Debug|ARM.ActiveCfg = Debug|Any CPU
		{8E8CAB3A-522A-4376-905F-C7C14621FB6E}.Debug|ARM.Build.0 = Debug|Any CPU
		{8E8CAB3A-522A-4376-905F-C7C14621FB6E}.Debug|x86.ActiveCfg = Debug|Any CPU
		{8E8CAB3A-522A-4376-905F-C7C14621FB6E}.Debug|x86.Build.0 = Debug|Any CPU
		{8E8CAB3A-522A-4376-905F-C7C14621FB6E}.Release|Any CPU.ActiveCfg = Release|Any CPU
		{8E8CAB3A-522A-4376-905F-C7C14621FB6E}.Release|Any CPU.Build.0 = Release|Any CPU
		{8E8CAB3A-522A-4376-905F-C7C14621FB6E}.Release|ARM.ActiveCfg = Release|Any CPU
		{8E8CAB3A-522A-4376-905F-C7C14621FB6E}.Release|ARM.Build.0 = Release|Any CPU
		{8E8CAB3A-522A-4376-905F-C7C14621FB6E}.Release|x86.ActiveCfg = Release|Any CPU
		{8E8CAB3A-522A-4376-905F-C7C14621FB6E}.Release|x86.Build.0 = Release|Any CPU
		{5823B90E-4E0C-49DE-BA89-5DBEDF461551}.Debug|Any CPU.ActiveCfg = Debug|Any CPU
		{5823B90E-4E0C-49DE-BA89-5DBEDF461551}.Debug|Any CPU.Build.0 = Debug|Any CPU
		{5823B90E-4E0C-49DE-BA89-5DBEDF461551}.Debug|Any CPU.Deploy.0 = Debug|Any CPU
		{5823B90E-4E0C-49DE-BA89-5DBEDF461551}.Debug|ARM.ActiveCfg = Debug|ARM
		{5823B90E-4E0C-49DE-BA89-5DBEDF461551}.Debug|ARM.Build.0 = Debug|ARM
		{5823B90E-4E0C-49DE-BA89-5DBEDF461551}.Debug|ARM.Deploy.0 = Debug|ARM
		{5823B90E-4E0C-49DE-BA89-5DBEDF461551}.Debug|x86.ActiveCfg = Debug|x86
		{5823B90E-4E0C-49DE-BA89-5DBEDF461551}.Debug|x86.Build.0 = Debug|x86
		{5823B90E-4E0C-49DE-BA89-5DBEDF461551}.Debug|x86.Deploy.0 = Debug|x86
		{5823B90E-4E0C-49DE-BA89-5DBEDF461551}.Release|Any CPU.ActiveCfg = Release|Any CPU
		{5823B90E-4E0C-49DE-BA89-5DBEDF461551}.Release|Any CPU.Build.0 = Release|Any CPU
		{5823B90E-4E0C-49DE-BA89-5DBEDF461551}.Release|Any CPU.Deploy.0 = Release|Any CPU
		{5823B90E-4E0C-49DE-BA89-5DBEDF461551}.Release|ARM.ActiveCfg = Release|ARM
		{5823B90E-4E0C-49DE-BA89-5DBEDF461551}.Release|ARM.Build.0 = Release|ARM
		{5823B90E-4E0C-49DE-BA89-5DBEDF461551}.Release|ARM.Deploy.0 = Release|ARM
		{5823B90E-4E0C-49DE-BA89-5DBEDF461551}.Release|x86.ActiveCfg = Release|x86
		{5823B90E-4E0C-49DE-BA89-5DBEDF461551}.Release|x86.Build.0 = Release|x86
		{5823B90E-4E0C-49DE-BA89-5DBEDF461551}.Release|x86.Deploy.0 = Release|x86
		{E5BE57E6-D384-481D-A2BA-57C74961C455}.Debug|Any CPU.ActiveCfg = Debug|Any CPU
		{E5BE57E6-D384-481D-A2BA-57C74961C455}.Debug|Any CPU.Build.0 = Debug|Any CPU
		{E5BE57E6-D384-481D-A2BA-57C74961C455}.Debug|Any CPU.Deploy.0 = Debug|Any CPU
		{E5BE57E6-D384-481D-A2BA-57C74961C455}.Debug|ARM.ActiveCfg = Debug|ARM
		{E5BE57E6-D384-481D-A2BA-57C74961C455}.Debug|ARM.Build.0 = Debug|ARM
		{E5BE57E6-D384-481D-A2BA-57C74961C455}.Debug|ARM.Deploy.0 = Debug|ARM
		{E5BE57E6-D384-481D-A2BA-57C74961C455}.Debug|x86.ActiveCfg = Debug|x86
		{E5BE57E6-D384-481D-A2BA-57C74961C455}.Debug|x86.Build.0 = Debug|x86
		{E5BE57E6-D384-481D-A2BA-57C74961C455}.Debug|x86.Deploy.0 = Debug|x86
		{E5BE57E6-D384-481D-A2BA-57C74961C455}.Release|Any CPU.ActiveCfg = Release|Any CPU
		{E5BE57E6-D384-481D-A2BA-57C74961C455}.Release|Any CPU.Build.0 = Release|Any CPU
		{E5BE57E6-D384-481D-A2BA-57C74961C455}.Release|Any CPU.Deploy.0 = Release|Any CPU
		{E5BE57E6-D384-481D-A2BA-57C74961C455}.Release|ARM.ActiveCfg = Release|ARM
		{E5BE57E6-D384-481D-A2BA-57C74961C455}.Release|ARM.Build.0 = Release|ARM
		{E5BE57E6-D384-481D-A2BA-57C74961C455}.Release|ARM.Deploy.0 = Release|ARM
		{E5BE57E6-D384-481D-A2BA-57C74961C455}.Release|x86.ActiveCfg = Release|x86
		{E5BE57E6-D384-481D-A2BA-57C74961C455}.Release|x86.Build.0 = Release|x86
		{E5BE57E6-D384-481D-A2BA-57C74961C455}.Release|x86.Deploy.0 = Release|x86
	EndGlobalSection
	GlobalSection(SolutionProperties) = preSolution
		HideSolutionNode = FALSE
	EndGlobalSection
	GlobalSection(NestedProjects) = preSolution
		{814DBACE-AB9D-4106-9C05-DA6ABD071572} = {819615EA-41E4-4671-B74D-1CCBEBC82587}
		{8E8CAB3A-522A-4376-905F-C7C14621FB6E} = {819615EA-41E4-4671-B74D-1CCBEBC82587}
		{5823B90E-4E0C-49DE-BA89-5DBEDF461551} = {819615EA-41E4-4671-B74D-1CCBEBC82587}
	EndGlobalSection
EndGlobal
